
Microsoft Visual Studio Solution File, Format Version 12.00
# Visual Studio Version 16
VisualStudioVersion = 16.0.33927.289
MinimumVisualStudioVersion = 10.0.40219.1
Project("{FAE04EC0-301F-11D3-BF4B-00C04F79EFBC}") = "mYSelfERPWeb", "mYSelfERPWeb.csproj", "{53B5D795-A7A2-4440-AB83-61A15CE1B719}"
EndProject
Global
	GlobalSection(SolutionConfigurationPlatforms) = preSolution
		Debug|Any CPU = Debug|Any CPU
		Release|Any CPU = Release|Any CPU
	EndGlobalSection
	GlobalSection(ProjectConfigurationPlatforms) = postSolution
		{53B5D795-A7A2-4440-AB83-61A15CE1B719}.Debug|Any CPU.ActiveCfg = Debug|Any CPU
		{53B5D795-A7A2-4440-AB83-61A15CE1B719}.Debug|Any CPU.Build.0 = Debug|Any CPU
		{53B5D795-A7A2-4440-AB83-61A15CE1B719}.Release|Any CPU.ActiveCfg = Release|Any CPU
		{53B5D795-A7A2-4440-AB83-61A15CE1B719}.Release|Any CPU.Build.0 = Release|Any CPU
	EndGlobalSection
	GlobalSection(SolutionProperties) = preSolution
		HideSolutionNode = FALSE
	EndGlobalSection
	GlobalSection(ExtensibilityGlobals) = postSolution
		SolutionGuid = {972DA33F-8AE9-43F7-8DA8-329FA7C02159}
	EndGlobalSection
EndGlobal
